
Microsoft Visual Studio Solution File, Format Version 12.00
# Visual Studio Version 17
VisualStudioVersion = 17.7.34221.43
MinimumVisualStudioVersion = 10.0.40219.1
Project("{FAE04EC0-301F-11D3-BF4B-00C04F79EFBC}") = "MiRuta9.Android", "MiRuta9\MiRuta9.Android\MiRuta9.Android.csproj", "{3C6091B8-5140-4E33-B57B-0D92F311B3B1}"
EndProject
Project("{FAE04EC0-301F-11D3-BF4B-00C04F79EFBC}") = "MiRuta9.iOS", "MiRuta9\MiRuta9.iOS\MiRuta9.iOS.csproj", "{D963B1E4-7A6B-422C-A228-198617E13818}"
EndProject
Project("{9A19103F-16F7-4668-BE54-9A1E7A4F7556}") = "MiRuta9", "MiRuta9\MiRuta9\MiRuta9.csproj", "{D571FD94-6A8A-4248-98FF-0BB1562EECE1}"
EndProject
Global
	GlobalSection(SolutionConfigurationPlatforms) = preSolution
		Debug|Any CPU = Debug|Any CPU
		Debug|iPhone = Debug|iPhone
		Debug|iPhoneSimulator = Debug|iPhoneSimulator
		Release|Any CPU = Release|Any CPU
		Release|iPhone = Release|iPhone
		Release|iPhoneSimulator = Release|iPhoneSimulator
	EndGlobalSection
	GlobalSection(ProjectConfigurationPlatforms) = postSolution
		{3C6091B8-5140-4E33-B57B-0D92F311B3B1}.Debug|Any CPU.ActiveCfg = Debug|Any CPU
		{3C6091B8-5140-4E33-B57B-0D92F311B3B1}.Debug|Any CPU.Build.0 = Debug|Any CPU
		{3C6091B8-5140-4E33-B57B-0D92F311B3B1}.Debug|Any CPU.Deploy.0 = Debug|Any CPU
		{3C6091B8-5140-4E33-B57B-0D92F311B3B1}.Debug|iPhone.ActiveCfg = Debug|Any CPU
		{3C6091B8-5140-4E33-B57B-0D92F311B3B1}.Debug|iPhone.Build.0 = Debug|Any CPU
		{3C6091B8-5140-4E33-B57B-0D92F311B3B1}.Debug|iPhone.Deploy.0 = Debug|Any CPU
		{3C6091B8-5140-4E33-B57B-0D92F311B3B1}.Debug|iPhoneSimulator.ActiveCfg = Debug|Any CPU
		{3C6091B8-5140-4E33-B57B-0D92F311B3B1}.Debug|iPhoneSimulator.Build.0 = Debug|Any CPU
		{3C6091B8-5140-4E33-B57B-0D92F311B3B1}.Debug|iPhoneSimulator.Deploy.0 = Debug|Any CPU
		{3C6091B8-5140-4E33-B57B-0D92F311B3B1}.Release|Any CPU.ActiveCfg = Release|Any CPU
		{3C6091B8-5140-4E33-B57B-0D92F311B3B1}.Release|Any CPU.Build.0 = Release|Any CPU
		{3C6091B8-5140-4E33-B57B-0D92F311B3B1}.Release|Any CPU.Deploy.0 = Release|Any CPU
		{3C6091B8-5140-4E33-B57B-0D92F311B3B1}.Release|iPhone.ActiveCfg = Release|Any CPU
		{3C6091B8-5140-4E33-B57B-0D92F311B3B1}.Release|iPhone.Build.0 = Release|Any CPU
		{3C6091B8-5140-4E33-B57B-0D92F311B3B1}.Release|iPhone.Deploy.0 = Release|Any CPU
		{3C6091B8-5140-4E33-B57B-0D92F311B3B1}.Release|iPhoneSimulator.ActiveCfg = Release|Any CPU
		{3C6091B8-5140-4E33-B57B-0D92F311B3B1}.Release|iPhoneSimulator.Build.0 = Release|Any CPU
		{3C6091B8-5140-4E33-B57B-0D92F311B3B1}.Release|iPhoneSimulator.Deploy.0 = Release|Any CPU
		{D963B1E4-7A6B-422C-A228-198617E13818}.Debug|Any CPU.ActiveCfg = Debug|iPhone
		{D963B1E4-7A6B-422C-A228-198617E13818}.Debug|Any CPU.Build.0 = Debug|iPhone
		{D963B1E4-7A6B-422C-A228-198617E13818}.Debug|Any CPU.Deploy.0 = Debug|iPhone
		{D963B1E4-7A6B-422C-A228-198617E13818}.Debug|iPhone.ActiveCfg = Debug|iPhone
		{D963B1E4-7A6B-422C-A228-198617E13818}.Debug|iPhone.Build.0 = Debug|iPhone
		{D963B1E4-7A6B-422C-A228-198617E13818}.Debug|iPhone.Deploy.0 = Debug|iPhone
		{D963B1E4-7A6B-422C-A228-198617E13818}.Debug|iPhoneSimulator.ActiveCfg = Debug|iPhoneSimulator
		{D963B1E4-7A6B-422C-A228-198617E13818}.Debug|iPhoneSimulator.Build.0 = Debug|iPhoneSimulator
		{D963B1E4-7A6B-422C-A228-198617E13818}.Debug|iPhoneSimulator.Deploy.0 = Debug|iPhoneSimulator
		{D963B1E4-7A6B-422C-A228-198617E13818}.Release|Any CPU.ActiveCfg = Release|iPhoneSimulator
		{D963B1E4-7A6B-422C-A228-198617E13818}.Release|Any CPU.Build.0 = Release|iPhoneSimulator
		{D963B1E4-7A6B-422C-A228-198617E13818}.Release|Any CPU.Deploy.0 = Release|iPhoneSimulator
		{D963B1E4-7A6B-422C-A228-198617E13818}.Release|iPhone.ActiveCfg = Release|iPhone
		{D963B1E4-7A6B-422C-A228-198617E13818}.Release|iPhone.Build.0 = Release|iPhone
		{D963B1E4-7A6B-422C-A228-198617E13818}.Release|iPhone.Deploy.0 = Release|iPhone
		{D963B1E4-7A6B-422C-A228-198617E13818}.Release|iPhoneSimulator.ActiveCfg = Release|iPhoneSimulator
		{D963B1E4-7A6B-422C-A228-198617E13818}.Release|iPhoneSimulator.Build.0 = Release|iPhoneSimulator
		{D963B1E4-7A6B-422C-A228-198617E13818}.Release|iPhoneSimulator.Deploy.0 = Release|iPhoneSimulator
		{D571FD94-6A8A-4248-98FF-0BB1562EECE1}.Debug|Any CPU.ActiveCfg = Debug|Any CPU
		{D571FD94-6A8A-4248-98FF-0BB1562EECE1}.Debug|Any CPU.Build.0 = Debug|Any CPU
		{D571FD94-6A8A-4248-98FF-0BB1562EECE1}.Debug|Any CPU.Deploy.0 = Debug|Any CPU
		{D571FD94-6A8A-4248-98FF-0BB1562EECE1}.Debug|iPhone.ActiveCfg = Debug|Any CPU
		{D571FD94-6A8A-4248-98FF-0BB1562EECE1}.Debug|iPhone.Build.0 = Debug|Any CPU
		{D571FD94-6A8A-4248-98FF-0BB1562EECE1}.Debug|iPhone.Deploy.0 = Debug|Any CPU
		{D571FD94-6A8A-4248-98FF-0BB1562EECE1}.Debug|iPhoneSimulator.ActiveCfg = Debug|Any CPU
		{D571FD94-6A8A-4248-98FF-0BB1562EECE1}.Debug|iPhoneSimulator.Build.0 = Debug|Any CPU
		{D571FD94-6A8A-4248-98FF-0BB1562EECE1}.Debug|iPhoneSimulator.Deploy.0 = Debug|Any CPU
		{D571FD94-6A8A-4248-98FF-0BB1562EECE1}.Release|Any CPU.ActiveCfg = Release|Any CPU
		{D571FD94-6A8A-4248-98FF-0BB1562EECE1}.Release|Any CPU.Build.0 = Release|Any CPU
		{D571FD94-6A8A-4248-98FF-0BB1562EECE1}.Release|Any CPU.Deploy.0 = Release|Any CPU
		{D571FD94-6A8A-4248-98FF-0BB1562EECE1}.Release|iPhone.ActiveCfg = Release|Any CPU
		{D571FD94-6A8A-4248-98FF-0BB1562EECE1}.Release|iPhone.Build.0 = Release|Any CPU
		{D571FD94-6A8A-4248-98FF-0BB1562EECE1}.Release|iPhone.Deploy.0 = Release|Any CPU
		{D571FD94-6A8A-4248-98FF-0BB1562EECE1}.Release|iPhoneSimulator.ActiveCfg = Release|Any CPU
		{D571FD94-6A8A-4248-98FF-0BB1562EECE1}.Release|iPhoneSimulator.Build.0 = Release|Any CPU
		{D571FD94-6A8A-4248-98FF-0BB1562EECE1}.Release|iPhoneSimulator.Deploy.0 = Release|Any CPU
	EndGlobalSection
	GlobalSection(SolutionProperties) = preSolution
		HideSolutionNode = FALSE
	EndGlobalSection
	GlobalSection(ExtensibilityGlobals) = postSolution
		SolutionGuid = {461E41E8-3671-4537-80C3-93B1FECE9E90}
	EndGlobalSection
EndGlobal
